
Microsoft Visual Studio Solution File, Format Version 12.00
# Visual Studio 2013
VisualStudioVersion = 12.0.31101.0
MinimumVisualStudioVersion = 10.0.40219.1
Project("{FAE04EC0-301F-11D3-BF4B-00C04F79EFBC}") = "Sintpaleis", "Sintpaleis\Sintpaleis.csproj", "{BEF19BC4-C3CA-4064-9EE1-6364C9FC43E6}"
EndProject
Project("{FAE04EC0-301F-11D3-BF4B-00C04F79EFBC}") = "ClassLibrary2", "ClassLibrary2\ClassLibrary2.csproj", "{A33FEF5B-758C-4614-B6E4-FAB52311D736}"
EndProject
Project("{6141683F-8A12-4E36-9623-2EB02B2C2303}") = "Setup", "Setup\Setup.isproj", "{57F2B4CA-EABC-44F4-8528-1351836BB909}"
	ProjectSection(ProjectDependencies) = postProject
		{A33FEF5B-758C-4614-B6E4-FAB52311D736} = {A33FEF5B-758C-4614-B6E4-FAB52311D736}
		{BEF19BC4-C3CA-4064-9EE1-6364C9FC43E6} = {BEF19BC4-C3CA-4064-9EE1-6364C9FC43E6}
	EndProjectSection
EndProject
Global
	GlobalSection(SolutionConfigurationPlatforms) = preSolution
		CD_ROM|Any CPU = CD_ROM|Any CPU
		Debug|Any CPU = Debug|Any CPU
		DVD-5|Any CPU = DVD-5|Any CPU
		Release|Any CPU = Release|Any CPU
		SingleImage|Any CPU = SingleImage|Any CPU
	EndGlobalSection
	GlobalSection(ProjectConfigurationPlatforms) = postSolution
		{BEF19BC4-C3CA-4064-9EE1-6364C9FC43E6}.CD_ROM|Any CPU.ActiveCfg = Release|Any CPU
		{BEF19BC4-C3CA-4064-9EE1-6364C9FC43E6}.CD_ROM|Any CPU.Build.0 = Release|Any CPU
		{BEF19BC4-C3CA-4064-9EE1-6364C9FC43E6}.Debug|Any CPU.ActiveCfg = Debug|Any CPU
		{BEF19BC4-C3CA-4064-9EE1-6364C9FC43E6}.Debug|Any CPU.Build.0 = Debug|Any CPU
		{BEF19BC4-C3CA-4064-9EE1-6364C9FC43E6}.Debug|Any CPU.Deploy.0 = Debug|Any CPU
		{BEF19BC4-C3CA-4064-9EE1-6364C9FC43E6}.DVD-5|Any CPU.ActiveCfg = Debug|Any CPU
		{BEF19BC4-C3CA-4064-9EE1-6364C9FC43E6}.DVD-5|Any CPU.Build.0 = Debug|Any CPU
		{BEF19BC4-C3CA-4064-9EE1-6364C9FC43E6}.Release|Any CPU.ActiveCfg = Release|Any CPU
		{BEF19BC4-C3CA-4064-9EE1-6364C9FC43E6}.Release|Any CPU.Build.0 = Release|Any CPU
		{BEF19BC4-C3CA-4064-9EE1-6364C9FC43E6}.SingleImage|Any CPU.ActiveCfg = Release|Any CPU
		{BEF19BC4-C3CA-4064-9EE1-6364C9FC43E6}.SingleImage|Any CPU.Build.0 = Release|Any CPU
		{A33FEF5B-758C-4614-B6E4-FAB52311D736}.CD_ROM|Any CPU.ActiveCfg = Release|Any CPU
		{A33FEF5B-758C-4614-B6E4-FAB52311D736}.CD_ROM|Any CPU.Build.0 = Release|Any CPU
		{A33FEF5B-758C-4614-B6E4-FAB52311D736}.Debug|Any CPU.ActiveCfg = Debug|Any CPU
		{A33FEF5B-758C-4614-B6E4-FAB52311D736}.Debug|Any CPU.Build.0 = Debug|Any CPU
		{A33FEF5B-758C-4614-B6E4-FAB52311D736}.DVD-5|Any CPU.ActiveCfg = Debug|Any CPU
		{A33FEF5B-758C-4614-B6E4-FAB52311D736}.DVD-5|Any CPU.Build.0 = Debug|Any CPU
		{A33FEF5B-758C-4614-B6E4-FAB52311D736}.Release|Any CPU.ActiveCfg = Release|Any CPU
		{A33FEF5B-758C-4614-B6E4-FAB52311D736}.Release|Any CPU.Build.0 = Release|Any CPU
		{A33FEF5B-758C-4614-B6E4-FAB52311D736}.SingleImage|Any CPU.ActiveCfg = Release|Any CPU
		{A33FEF5B-758C-4614-B6E4-FAB52311D736}.SingleImage|Any CPU.Build.0 = Release|Any CPU
		{57F2B4CA-EABC-44F4-8528-1351836BB909}.CD_ROM|Any CPU.ActiveCfg = CD_ROM
		{57F2B4CA-EABC-44F4-8528-1351836BB909}.CD_ROM|Any CPU.Build.0 = CD_ROM
		{57F2B4CA-EABC-44F4-8528-1351836BB909}.Debug|Any CPU.ActiveCfg = DVD-5
		{57F2B4CA-EABC-44F4-8528-1351836BB909}.Debug|Any CPU.Build.0 = DVD-5
		{57F2B4CA-EABC-44F4-8528-1351836BB909}.DVD-5|Any CPU.ActiveCfg = DVD-5
		{57F2B4CA-EABC-44F4-8528-1351836BB909}.DVD-5|Any CPU.Build.0 = DVD-5
		{57F2B4CA-EABC-44F4-8528-1351836BB909}.Release|Any CPU.ActiveCfg = SingleImage
		{57F2B4CA-EABC-44F4-8528-1351836BB909}.Release|Any CPU.Build.0 = SingleImage
		{57F2B4CA-EABC-44F4-8528-1351836BB909}.SingleImage|Any CPU.ActiveCfg = SingleImage
		{57F2B4CA-EABC-44F4-8528-1351836BB909}.SingleImage|Any CPU.Build.0 = SingleImage
	EndGlobalSection
	GlobalSection(SolutionProperties) = preSolution
		HideSolutionNode = FALSE
	EndGlobalSection
EndGlobal
